# .skills.lock — auto-generated, commit to repo
locked_at: 2026-02-06T12:47:02.935Z
skills:
  - slug: zod-v4-patterns
    registry: local
    version: 1.0.0
    sha256: e43ec9383a90fb3cca3a0fcdbebbd7e3f28e504948e721dfb2b39462eb715804
  - slug: gemini-api
    registry: local
    version: 1.0.0
    sha256: 5b9ebbded56eccc9e2f6c413ffcde683615895c967aecae184f04c64fc6dc8a0
  - slug: loading-button
    registry: local
    version: 1.0.0
    sha256: f9920fa40bef30e5786fbd3ce8d8dee60ba31f6f5b6f9577f4758427da84ae05
  - slug: edge-functions
    registry: local
    version: 1.0.0
    sha256: 154aeff750c4be7324ec9efc7ec7c223734421276490c91613450eb03ed0e5c6
  - slug: code-review
    registry: local
    version: 1.0.0
    sha256: 21a09de41fe2bbaa3815abf8033537f88838fc6bc49312e6381eb50efdc9f6bd
