# .skills.lock — auto-generated, commit to repo
locked_at: 2026-02-12T14:50:34.153Z
skills:
  - slug: zod-v4-patterns
    sha256: e43ec9383a90fb3cca3a0fcdbebbd7e3f28e504948e721dfb2b39462eb715804
  - slug: gemini-api
    sha256: 5b9ebbded56eccc9e2f6c413ffcde683615895c967aecae184f04c64fc6dc8a0
  - slug: loading-button
    sha256: f9920fa40bef30e5786fbd3ce8d8dee60ba31f6f5b6f9577f4758427da84ae05
  - slug: edge-functions
    sha256: 154aeff750c4be7324ec9efc7ec7c223734421276490c91613450eb03ed0e5c6
  - slug: code-review
    sha256: 0e076a7f11a50ccf46bfefec1654346ae0e443022a3fba91ef5ecc0b8b49e732
